// !$*UTF8*$!
{
	archiveVersion = 1;
	classes = {
	};
	objectVersion = 46;
	objects = {

/* Begin PBXBuildFile section */
		A0F59D6519FD17C8008B904A /* main.m in Sources */ = {isa = PBXBuildFile; fileRef = A0F59D6419FD17C8008B904A /* main.m */; };
		A0F59D6819FD17C8008B904A /* AppDelegate.m in Sources */ = {isa = PBXBuildFile; fileRef = A0F59D6719FD17C8008B904A /* AppDelegate.m */; };
		A0F59D6B19FD17C8008B904A /* CricketApp.xcdatamodeld in Sources */ = {isa = PBXBuildFile; fileRef = A0F59D6919FD17C8008B904A /* CricketApp.xcdatamodeld */; };
		A0F59D6E19FD17C8008B904A /* ViewController.m in Sources */ = {isa = PBXBuildFile; fileRef = A0F59D6D19FD17C8008B904A /* ViewController.m */; };
		A0F59D7119FD17C8008B904A /* Main.storyboard in Resources */ = {isa = PBXBuildFile; fileRef = A0F59D6F19FD17C8008B904A /* Main.storyboard */; };
		A0F59D7319FD17C8008B904A /* Images.xcassets in Resources */ = {isa = PBXBuildFile; fileRef = A0F59D7219FD17C8008B904A /* Images.xcassets */; };
		A0F59D7619FD17C8008B904A /* LaunchScreen.xib in Resources */ = {isa = PBXBuildFile; fileRef = A0F59D7419FD17C8008B904A /* LaunchScreen.xib */; };
		A0F59D8219FD17C8008B904A /* CricketAppTests.m in Sources */ = {isa = PBXBuildFile; fileRef = A0F59D8119FD17C8008B904A /* CricketAppTests.m */; };
/* End PBXBuildFile section */

/* Begin PBXContainerItemProxy section */
		A0F59D7C19FD17C8008B904A /* PBXContainerItemProxy */ = {
			isa = PBXContainerItemProxy;
			containerPortal = A0F59D5719FD17C7008B904A /* Project object */;
			proxyType = 1;
			remoteGlobalIDString = A0F59D5E19FD17C8008B904A;
			remoteInfo = CricketApp;
		};
/* End PBXContainerItemProxy section */

/* Begin PBXFileReference section */
		A0F59D5F19FD17C8008B904A /* CricketApp.app */ = {isa = PBXFileReference; explicitFileType = wrapper.application; includeInIndex = 0; path = CricketApp.app; sourceTree = BUILT_PRODUCTS_DIR; };
		A0F59D6319FD17C8008B904A /* Info.plist */ = {isa = PBXFileReference; lastKnownFileType = text.plist.xml; path = Info.plist; sourceTree = "<group>"; };
		A0F59D6419FD17C8008B904A /* main.m */ = {isa = PBXFileReference; lastKnownFileType = sourcecode.c.objc; path = main.m; sourceTree = "<group>"; };
		A0F59D6619FD17C8008B904A /* AppDelegate.h */ = {isa = PBXFileReference; lastKnownFileType = sourcecode.c.h; path = AppDelegate.h; sourceTree = "<group>"; };
		A0F59D6719FD17C8008B904A /* AppDelegate.m */ = {isa = PBXFileReference; lastKnownFileType = sourcecode.c.objc; path = AppDelegate.m; sourceTree = "<group>"; };
		A0F59D6A19FD17C8008B904A /* CricketApp.xcdatamodel */ = {isa = PBXFileReference; lastKnownFileType = wrapper.xcdatamodel; path = CricketApp.xcdatamodel; sourceTree = "<group>"; };
		A0F59D6C19FD17C8008B904A /* ViewController.h */ = {isa = PBXFileReference; lastKnownFileType = sourcecode.c.h; path = ViewController.h; sourceTree = "<group>"; };
		A0F59D6D19FD17C8008B904A /* ViewController.m */ = {isa = PBXFileReference; lastKnownFileType = sourcecode.c.objc; path = ViewController.m; sourceTree = "<group>"; };
		A0F59D7019FD17C8008B904A /* Base */ = {isa = PBXFileReference; lastKnownFileType = file.storyboard; name = Base; path = Base.lproj/Main.storyboard; sourceTree = "<group>"; };
		A0F59D7219FD17C8008B904A /* Images.xcassets */ = {isa = PBXFileReference; lastKnownFileType = folder.assetcatalog; path = Images.xcassets; sourceTree = "<group>"; };
		A0F59D7519FD17C8008B904A /* Base */ = {isa = PBXFileReference; lastKnownFileType = file.xib; name = Base; path = Base.lproj/LaunchScreen.xib; sourceTree = "<group>"; };
		A0F59D7B19FD17C8008B904A /* CricketAppTests.xctest */ = {isa = PBXFileReference; explicitFileType = wrapper.cfbundle; includeInIndex = 0; path = CricketAppTests.xctest; sourceTree = BUILT_PRODUCTS_DIR; };
		A0F59D8019FD17C8008B904A /* Info.plist */ = {isa = PBXFileReference; lastKnownFileType = text.plist.xml; path = Info.plist; sourceTree = "<group>"; };
		A0F59D8119FD17C8008B904A /* CricketAppTests.m */ = {isa = PBXFileReference; lastKnownFileType = sourcecode.c.objc; path = CricketAppTests.m; sourceTree = "<group>"; };
/* End PBXFileReference section */

/* Begin PBXFrameworksBuildPhase section */
		A0F59D5C19FD17C8008B904A /* Frameworks */ = {
			isa = PBXFrameworksBuildPhase;
			buildActionMask = 2147483647;
			files = (
			);
			runOnlyForDeploymentPostprocessing = 0;
		};
		A0F59D7819FD17C8008B904A /* Frameworks */ = {
			isa = PBXFrameworksBuildPhase;
			buildActionMask = 2147483647;
			files = (
			);
			runOnlyForDeploymentPostprocessing = 0;
		};
/* End PBXFrameworksBuildPhase section */

/* Begin PBXGroup section */
		A0F59D5619FD17C7008B904A = {
			isa = PBXGroup;
			children = (
				A0F59D6119FD17C8008B904A /* CricketApp */,
				A0F59D7E19FD17C8008B904A /* CricketAppTests */,
				A0F59D6019FD17C8008B904A /* Products */,
			);
			sourceTree = "<group>";
		};
		A0F59D6019FD17C8008B904A /* Products */ = {
			isa = PBXGroup;
			children = (
				A0F59D5F19FD17C8008B904A /* CricketApp.app */,
				A0F59D7B19FD17C8008B904A /* CricketAppTests.xctest */,
			);
			name = Products;
			sourceTree = "<group>";
		};
		A0F59D6119FD17C8008B904A /* CricketApp */ = {
			isa = PBXGroup;
			children = (
				A0F59D6619FD17C8008B904A /* AppDelegate.h */,
				A0F59D6719FD17C8008B904A /* AppDelegate.m */,
				A0F59D6C19FD17C8008B904A /* ViewController.h */,
				A0F59D6D19FD17C8008B904A /* ViewController.m */,
				A0F59D6F19FD17C8008B904A /* Main.storyboard */,
				A0F59D7219FD17C8008B904A /* Images.xcassets */,
				A0F59D7419FD17C8008B904A /* LaunchScreen.xib */,
				A0F59D6919FD17C8008B904A /* CricketApp.xcdatamodeld */,
				A0F59D6219FD17C8008B904A /* Supporting Files */,
			);
			path = CricketApp;
			sourceTree = "<group>";
		};
		A0F59D6219FD17C8008B904A /* Supporting Files */ = {
			isa = PBXGroup;
			children = (
				A0F59D6319FD17C8008B904A /* Info.plist */,
				A0F59D6419FD17C8008B904A /* main.m */,
			);
			name = "Supporting Files";
			sourceTree = "<group>";
		};
		A0F59D7E19FD17C8008B904A /* CricketAppTests */ = {
			isa = PBXGroup;
			children = (
				A0F59D8119FD17C8008B904A /* CricketAppTests.m */,
				A0F59D7F19FD17C8008B904A /* Supporting Files */,
			);
			path = CricketAppTests;
			sourceTree = "<group>";
		};
		A0F59D7F19FD17C8008B904A /* Supporting Files */ = {
			isa = PBXGroup;
			children = (
				A0F59D8019FD17C8008B904A /* Info.plist */,
			);
			name = "Supporting Files";
			sourceTree = "<group>";
		};
/* End PBXGroup section */

/* Begin PBXNativeTarget section */
		A0F59D5E19FD17C8008B904A /* CricketApp */ = {
			isa = PBXNativeTarget;
			buildConfigurationList = A0F59D8519FD17C8008B904A /* Build configuration list for PBXNativeTarget "CricketApp" */;
			buildPhases = (
				A0F59D5B19FD17C8008B904A /* Sources */,
				A0F59D5C19FD17C8008B904A /* Frameworks */,
				A0F59D5D19FD17C8008B904A /* Resources */,
			);
			buildRules = (
			);
			dependencies = (
			);
			name = CricketApp;
			productName = CricketApp;
			productReference = A0F59D5F19FD17C8008B904A /* CricketApp.app */;
			productType = "com.apple.product-type.application";
		};
		A0F59D7A19FD17C8008B904A /* CricketAppTests */ = {
			isa = PBXNativeTarget;
			buildConfigurationList = A0F59D8819FD17C8008B904A /* Build configuration list for PBXNativeTarget "CricketAppTests" */;
			buildPhases = (
				A0F59D7719FD17C8008B904A /* Sources */,
				A0F59D7819FD17C8008B904A /* Frameworks */,
				A0F59D7919FD17C8008B904A /* Resources */,
			);
			buildRules = (
			);
			dependencies = (
				A0F59D7D19FD17C8008B904A /* PBXTargetDependency */,
			);
			name = CricketAppTests;
			productName = CricketAppTests;
			productReference = A0F59D7B19FD17C8008B904A /* CricketAppTests.xctest */;
			productType = "com.apple.product-type.bundle.unit-test";
		};
/* End PBXNativeTarget section */

/* Begin PBXProject section */
		A0F59D5719FD17C7008B904A /* Project object */ = {
			isa = PBXProject;
			attributes = {
				LastUpgradeCheck = 0600;
				ORGANIZATIONNAME = "Aqeel Rafiq";
				TargetAttributes = {
					A0F59D5E19FD17C8008B904A = {
						CreatedOnToolsVersion = 6.0.1;
					};
					A0F59D7A19FD17C8008B904A = {
						CreatedOnToolsVersion = 6.0.1;
						TestTargetID = A0F59D5E19FD17C8008B904A;
					};
				};
			};
			buildConfigurationList = A0F59D5A19FD17C7008B904A /* Build configuration list for PBXProject "CricketApp" */;
			compatibilityVersion = "Xcode 3.2";
			developmentRegion = English;
			hasScannedForEncodings = 0;
			knownRegions = (
				en,
				Base,
			);
			mainGroup = A0F59D5619FD17C7008B904A;
			productRefGroup = A0F59D6019FD17C8008B904A /* Products */;
			projectDirPath = "";
			projectRoot = "";
			targets = (
				A0F59D5E19FD17C8008B904A /* CricketApp */,
				A0F59D7A19FD17C8008B904A /* CricketAppTests */,
			);
		};
/* End PBXProject section */

/* Begin PBXResourcesBuildPhase section */
		A0F59D5D19FD17C8008B904A /* Resources */ = {
			isa = PBXResourcesBuildPhase;
			buildActionMask = 2147483647;
			files = (
				A0F59D7119FD17C8008B904A /* Main.storyboard in Resources */,
				A0F59D7619FD17C8008B904A /* LaunchScreen.xib in Resources */,
				A0F59D7319FD17C8008B904A /* Images.xcassets in Resources */,
			);
			runOnlyForDeploymentPostprocessing = 0;
		};
		A0F59D7919FD17C8008B904A /* Resources */ = {
			isa = PBXResourcesBuildPhase;
			buildActionMask = 2147483647;
			files = (
			);
			runOnlyForDeploymentPostprocessing = 0;
		};
/* End PBXResourcesBuildPhase section */

/* Begin PBXSourcesBuildPhase section */
		A0F59D5B19FD17C8008B904A /* Sources */ = {
			isa = PBXSourcesBuildPhase;
			buildActionMask = 2147483647;
			files = (
				A0F59D6819FD17C8008B904A /* AppDelegate.m in Sources */,
				A0F59D6B19FD17C8008B904A /* CricketApp.xcdatamodeld in Sources */,
				A0F59D6E19FD17C8008B904A /* ViewController.m in Sources */,
				A0F59D6519FD17C8008B904A /* main.m in Sources */,
			);
			runOnlyForDeploymentPostprocessing = 0;
		};
		A0F59D7719FD17C8008B904A /* Sources */ = {
			isa = PBXSourcesBuildPhase;
			buildActionMask = 2147483647;
			files = (
				A0F59D8219FD17C8008B904A /* CricketAppTests.m in Sources */,
			);
			runOnlyForDeploymentPostprocessing = 0;
		};
/* End PBXSourcesBuildPhase section */

/* Begin PBXTargetDependency section */
		A0F59D7D19FD17C8008B904A /* PBXTargetDependency */ = {
			isa = PBXTargetDependency;
			target = A0F59D5E19FD17C8008B904A /* CricketApp */;
			targetProxy = A0F59D7C19FD17C8008B904A /* PBXContainerItemProxy */;
		};
/* End PBXTargetDependency section */

/* Begin PBXVariantGroup section */
		A0F59D6F19FD17C8008B904A /* Main.storyboard */ = {
			isa = PBXVariantGroup;
			children = (
				A0F59D7019FD17C8008B904A /* Base */,
			);
			name = Main.storyboard;
			sourceTree = "<group>";
		};
		A0F59D7419FD17C8008B904A /* LaunchScreen.xib */ = {
			isa = PBXVariantGroup;
			children = (
				A0F59D7519FD17C8008B904A /* Base */,
			);
			name = LaunchScreen.xib;
			sourceTree = "<group>";
		};
/* End PBXVariantGroup section */

/* Begin XCBuildConfiguration section */
		A0F59D8319FD17C8008B904A /* Debug */ = {
			isa = XCBuildConfiguration;
			buildSettings = {
				ALWAYS_SEARCH_USER_PATHS = NO;
				CLANG_CXX_LANGUAGE_STANDARD = "gnu++0x";
				CLANG_CXX_LIBRARY = "libc++";
				CLANG_ENABLE_MODULES = YES;
				CLANG_ENABLE_OBJC_ARC = YES;
				CLANG_WARN_BOOL_CONVERSION = YES;
				CLANG_WARN_CONSTANT_CONVERSION = YES;
				CLANG_WARN_DIRECT_OBJC_ISA_USAGE = YES_ERROR;
				CLANG_WARN_EMPTY_BODY = YES;
				CLANG_WARN_ENUM_CONVERSION = YES;
				CLANG_WARN_INT_CONVERSION = YES;
				CLANG_WARN_OBJC_ROOT_CLASS = YES_ERROR;
				CLANG_WARN_UNREACHABLE_CODE = YES;
				CLANG_WARN__DUPLICATE_METHOD_MATCH = YES;
				"CODE_SIGN_IDENTITY[sdk=iphoneos*]" = "iPhone Developer";
				COPY_PHASE_STRIP = NO;
				ENABLE_STRICT_OBJC_MSGSEND = YES;
				GCC_C_LANGUAGE_STANDARD = gnu99;
				GCC_DYNAMIC_NO_PIC = NO;
				GCC_OPTIMIZATION_LEVEL = 0;
				GCC_PREPROCESSOR_DEFINITIONS = (
					"DEBUG=1",
					"$(inherited)",
				);
				GCC_SYMBOLS_PRIVATE_EXTERN = NO;
				GCC_WARN_64_TO_32_BIT_CONVERSION = YES;
				GCC_WARN_ABOUT_RETURN_TYPE = YES_ERROR;
				GCC_WARN_UNDECLARED_SELECTOR = YES;
				GCC_WARN_UNINITIALIZED_AUTOS = YES_AGGRESSIVE;
				GCC_WARN_UNUSED_FUNCTION = YES;
				GCC_WARN_UNUSED_VARIABLE = YES;
				IPHONEOS_DEPLOYMENT_TARGET = 8.0;
				MTL_ENABLE_DEBUG_INFO = YES;
				ONLY_ACTIVE_ARCH = YES;
				SDKROOT = iphoneos;
			};
			name = Debug;
		};
		A0F59D8419FD17C8008B904A /* Release */ = {
			isa = XCBuildConfiguration;
			buildSettings = {
				ALWAYS_SEARCH_USER_PATHS = NO;
				CLANG_CXX_LANGUAGE_STANDARD = "gnu++0x";
				CLANG_CXX_LIBRARY = "libc++";
				CLANG_ENABLE_MODULES = YES;
				CLANG_ENABLE_OBJC_ARC = YES;
				CLANG_WARN_BOOL_CONVERSION = YES;
				CLANG_WARN_CONSTANT_CONVERSION = YES;
				CLANG_WARN_DIRECT_OBJC_ISA_USAGE = YES_ERROR;
				CLANG_WARN_EMPTY_BODY = YES;
				CLANG_WARN_ENUM_CONVERSION = YES;
				CLANG_WARN_INT_CONVERSION = YES;
				CLANG_WARN_OBJC_ROOT_CLASS = YES_ERROR;
				CLANG_WARN_UNREACHABLE_CODE = YES;
				CLANG_WARN__DUPLICATE_METHOD_MATCH = YES;
				"CODE_SIGN_IDENTITY[sdk=iphoneos*]" = "iPhone Developer";
				COPY_PHASE_STRIP = YES;
				ENABLE_NS_ASSERTIONS = NO;
				ENABLE_STRICT_OBJC_MSGSEND = YES;
				GCC_C_LANGUAGE_STANDARD = gnu99;
				GCC_WARN_64_TO_32_BIT_CONVERSION = YES;
				GCC_WARN_ABOUT_RETURN_TYPE = YES_ERROR;
				GCC_WARN_UNDECLARED_SELECTOR = YES;
				GCC_WARN_UNINITIALIZED_AUTOS = YES_AGGRESSIVE;
				GCC_WARN_UNUSED_FUNCTION = YES;
				GCC_WARN_UNUSED_VARIABLE = YES;
				IPHONEOS_DEPLOYMENT_TARGET = 8.0;
				MTL_ENABLE_DEBUG_INFO = NO;
				SDKROOT = iphoneos;
				VALIDATE_PRODUCT = YES;
			};
			name = Release;
		};
		A0F59D8619FD17C8008B904A /* Debug */ = {
			isa = XCBuildConfiguration;
			buildSettings = {
				ASSETCATALOG_COMPILER_APPICON_NAME = AppIcon;
				INFOPLIST_FILE = CricketApp/Info.plist;
				LD_RUNPATH_SEARCH_PATHS = "$(inherited) @executable_path/Frameworks";
				PRODUCT_NAME = "$(TARGET_NAME)";
			};
			name = Debug;
		};
		A0F59D8719FD17C8008B904A /* Release */ = {
			isa = XCBuildConfiguration;
			buildSettings = {
				ASSETCATALOG_COMPILER_APPICON_NAME = AppIcon;
				INFOPLIST_FILE = CricketApp/Info.plist;
				LD_RUNPATH_SEARCH_PATHS = "$(inherited) @executable_path/Frameworks";
				PRODUCT_NAME = "$(TARGET_NAME)";
			};
			name = Release;
		};
		A0F59D8919FD17C8008B904A /* Debug */ = {
			isa = XCBuildConfiguration;
			buildSettings = {
				BUNDLE_LOADER = "$(TEST_HOST)";
				FRAMEWORK_SEARCH_PATHS = (
					"$(SDKROOT)/Developer/Library/Frameworks",
					"$(inherited)",
				);
				GCC_PREPROCESSOR_DEFINITIONS = (
					"DEBUG=1",
					"$(inherited)",
				);
				INFOPLIST_FILE = CricketAppTests/Info.plist;
				LD_RUNPATH_SEARCH_PATHS = "$(inherited) @executable_path/Frameworks @loader_path/Frameworks";
				PRODUCT_NAME = "$(TARGET_NAME)";
				TEST_HOST = "$(BUILT_PRODUCTS_DIR)/CricketApp.app/CricketApp";
			};
			name = Debug;
		};
		A0F59D8A19FD17C8008B904A /* Release */ = {
			isa = XCBuildConfiguration;
			buildSettings = {
				BUNDLE_LOADER = "$(TEST_HOST)";
				FRAMEWORK_SEARCH_PATHS = (
					"$(SDKROOT)/Developer/Library/Frameworks",
					"$(inherited)",
				);
				INFOPLIST_FILE = CricketAppTests/Info.plist;
				LD_RUNPATH_SEARCH_PATHS = "$(inherited) @executable_path/Frameworks @loader_path/Frameworks";
				PRODUCT_NAME = "$(TARGET_NAME)";
				TEST_HOST = "$(BUILT_PRODUCTS_DIR)/CricketApp.app/CricketApp";
			};
			name = Release;
		};
/* End XCBuildConfiguration section */

/* Begin XCConfigurationList section */
		A0F59D5A19FD17C7008B904A /* Build configuration list for PBXProject "CricketApp" */ = {
			isa = XCConfigurationList;
			buildConfigurations = (
				A0F59D8319FD17C8008B904A /* Debug */,
				A0F59D8419FD17C8008B904A /* Release */,
			);
			defaultConfigurationIsVisible = 0;
			defaultConfigurationName = Release;
		};
		A0F59D8519FD17C8008B904A /* Build configuration list for PBXNativeTarget "CricketApp" */ = {
			isa = XCConfigurationList;
			buildConfigurations = (
				A0F59D8619FD17C8008B904A /* Debug */,
				A0F59D8719FD17C8008B904A /* Release */,
			);
			defaultConfigurationIsVisible = 0;
		};
		A0F59D8819FD17C8008B904A /* Build configuration list for PBXNativeTarget "CricketAppTests" */ = {
			isa = XCConfigurationList;
			buildConfigurations = (
				A0F59D8919FD17C8008B904A /* Debug */,
				A0F59D8A19FD17C8008B904A /* Release */,
			);
			defaultConfigurationIsVisible = 0;
		};
/* End XCConfigurationList section */

/* Begin XCVersionGroup section */
		A0F59D6919FD17C8008B904A /* CricketApp.xcdatamodeld */ = {
			isa = XCVersionGroup;
			children = (
				A0F59D6A19FD17C8008B904A /* CricketApp.xcdatamodel */,
			);
			currentVersion = A0F59D6A19FD17C8008B904A /* CricketApp.xcdatamodel */;
			path = CricketApp.xcdatamodeld;
			sourceTree = "<group>";
			versionGroupType = wrapper.xcdatamodel;
		};
/* End XCVersionGroup section */
	};
	rootObject = A0F59D5719FD17C7008B904A /* Project object */;
}
