// !$*UTF8*$!
{
	archiveVersion = 1;
	classes = {
	};
	objectVersion = 46;
	objects = {

/* Begin PBXBuildFile section */
		A031F0071A0791B20081C6A9 /* MyVideosViewController.m in Sources */ = {isa = PBXBuildFile; fileRef = A031F0061A0791B20081C6A9 /* MyVideosViewController.m */; };
		A031F00B1A07966D0081C6A9 /* MediaPlayer.framework in Frameworks */ = {isa = PBXBuildFile; fileRef = A031F00A1A07966D0081C6A9 /* MediaPlayer.framework */; };
		A031F00D1A0796800081C6A9 /* MobileCoreServices.framework in Frameworks */ = {isa = PBXBuildFile; fileRef = A031F00C1A0796800081C6A9 /* MobileCoreServices.framework */; };
		A04798831A07B3B0003C29EA /* DrillsViewController.m in Sources */ = {isa = PBXBuildFile; fileRef = A04798821A07B3B0003C29EA /* DrillsViewController.m */; };
		A0504AD11A1531BF00B31FB7 /* Model.m in Sources */ = {isa = PBXBuildFile; fileRef = A0504AD01A1531BF00B31FB7 /* Model.m */; };
		A09E73911A7003D8006778CB /* InternetController.m in Sources */ = {isa = PBXBuildFile; fileRef = A09E73901A7003D8006778CB /* InternetController.m */; };
		A09E73B71A725890006778CB /* PalletVideoController.m in Sources */ = {isa = PBXBuildFile; fileRef = A09E73B61A725890006778CB /* PalletVideoController.m */; };
		A09E73BA1A726853006778CB /* Shape.m in Sources */ = {isa = PBXBuildFile; fileRef = A09E73B91A726853006778CB /* Shape.m */; };
		A09E73BD1A726863006778CB /* LineShape.m in Sources */ = {isa = PBXBuildFile; fileRef = A09E73BC1A726863006778CB /* LineShape.m */; };
		A09E73D31A7D1552006778CB /* Social.framework in Frameworks */ = {isa = PBXBuildFile; fileRef = A09E73D21A7D1552006778CB /* Social.framework */; };
		A0B885B91A8C1F05008C7058 /* AutomaticVideoProcessing.m in Sources */ = {isa = PBXBuildFile; fileRef = A0B885B81A8C1F05008C7058 /* AutomaticVideoProcessing.m */; };
		A0E21AF11AD2DBB500A642A3 /* AutomaticVideoProcessing2.m in Sources */ = {isa = PBXBuildFile; fileRef = A0E21AF01AD2DBB500A642A3 /* AutomaticVideoProcessing2.m */; };
		A0E21AF81AD2E5AA00A642A3 /* AutomaticVideoProcessing3.m in Sources */ = {isa = PBXBuildFile; fileRef = A0E21AF71AD2E5AA00A642A3 /* AutomaticVideoProcessing3.m */; };
		A0E21AFB1AD2EF0200A642A3 /* AutomaticVideoProcessing4.m in Sources */ = {isa = PBXBuildFile; fileRef = A0E21AFA1AD2EF0200A642A3 /* AutomaticVideoProcessing4.m */; };
		A0E21AFE1AD2FDC100A642A3 /* AutoVideoEditing.m in Sources */ = {isa = PBXBuildFile; fileRef = A0E21AFD1AD2FDC100A642A3 /* AutoVideoEditing.m */; };
		A0E21B951AD3F38A00A642A3 /* amber.png in Resources */ = {isa = PBXBuildFile; fileRef = A0E21B021AD3F38900A642A3 /* amber.png */; };
		A0E21B981AD3F38A00A642A3 /* back button.png in Resources */ = {isa = PBXBuildFile; fileRef = A0E21B051AD3F38900A642A3 /* back button.png */; };
		A0E21B991AD3F38A00A642A3 /* CarlGreenidge.jpg in Resources */ = {isa = PBXBuildFile; fileRef = A0E21B061AD3F38900A642A3 /* CarlGreenidge.jpg */; };
		A0E21B9A1AD3F38A00A642A3 /* circle.gif in Resources */ = {isa = PBXBuildFile; fileRef = A0E21B071AD3F38900A642A3 /* circle.gif */; };
		A0E21B9B1AD3F38A00A642A3 /* circle.png in Resources */ = {isa = PBXBuildFile; fileRef = A0E21B081AD3F38900A642A3 /* circle.png */; };
		A0E21B9C1AD3F38A00A642A3 /* curvedline.png in Resources */ = {isa = PBXBuildFile; fileRef = A0E21B091AD3F38900A642A3 /* curvedline.png */; };
		A0E21B9D1AD3F38A00A642A3 /* D.png in Resources */ = {isa = PBXBuildFile; fileRef = A0E21B0A1AD3F38900A642A3 /* D.png */; };
		A0E21B9E1AD3F38A00A642A3 /* download.png in Resources */ = {isa = PBXBuildFile; fileRef = A0E21B0B1AD3F38900A642A3 /* download.png */; };
		A0E21B9F1AD3F38A00A642A3 /* eraser.png in Resources */ = {isa = PBXBuildFile; fileRef = A0E21B0C1AD3F38900A642A3 /* eraser.png */; };
		A0E21BA01AD3F38A00A642A3 /* EV1.png in Resources */ = {isa = PBXBuildFile; fileRef = A0E21B0D1AD3F38900A642A3 /* EV1.png */; };
		A0E21BA11AD3F38A00A642A3 /* EV2.png in Resources */ = {isa = PBXBuildFile; fileRef = A0E21B0E1AD3F38900A642A3 /* EV2.png */; };
		A0E21BA21AD3F38A00A642A3 /* facebook.png in Resources */ = {isa = PBXBuildFile; fileRef = A0E21B0F1AD3F38900A642A3 /* facebook.png */; };
		A0E21BA31AD3F38A00A642A3 /* FullRunUp.png in Resources */ = {isa = PBXBuildFile; fileRef = A0E21B101AD3F38900A642A3 /* FullRunUp.png */; };
		A0E21BA41AD3F38A00A642A3 /* FullRunUpDrill.mov in Resources */ = {isa = PBXBuildFile; fileRef = A0E21B111AD3F38900A642A3 /* FullRunUpDrill.mov */; };
		A0E21BA51AD3F38A00A642A3 /* HipToLipDrill.mov in Resources */ = {isa = PBXBuildFile; fileRef = A0E21B121AD3F38900A642A3 /* HipToLipDrill.mov */; };
		A0E21BA61AD3F38A00A642A3 /* KneeDriveDrill.MOV in Resources */ = {isa = PBXBuildFile; fileRef = A0E21B131AD3F38900A642A3 /* KneeDriveDrill.MOV */; };
		A0E21BA71AD3F38A00A642A3 /* line.png in Resources */ = {isa = PBXBuildFile; fileRef = A0E21B141AD3F38900A642A3 /* line.png */; };
		A0E21BA81AD3F38A00A642A3 /* linetool.png in Resources */ = {isa = PBXBuildFile; fileRef = A0E21B151AD3F38900A642A3 /* linetool.png */; };
		A0E21BA91AD3F38A00A642A3 /* MV.png in Resources */ = {isa = PBXBuildFile; fileRef = A0E21B161AD3F38900A642A3 /* MV.png */; };
		A0E21BAA1AD3F38A00A642A3 /* MYVIDEOS.png in Resources */ = {isa = PBXBuildFile; fileRef = A0E21B171AD3F38900A642A3 /* MYVIDEOS.png */; };
		A0E21BAB1AD3F38A00A642A3 /* PlayVideoProcessing.png in Resources */ = {isa = PBXBuildFile; fileRef = A0E21B181AD3F38900A642A3 /* PlayVideoProcessing.png */; };
		A0E21BAC1AD3F38A00A642A3 /* RB.png in Resources */ = {isa = PBXBuildFile; fileRef = A0E21B191AD3F38900A642A3 /* RB.png */; };
		A0E21BAD1AD3F38A00A642A3 /* red.png in Resources */ = {isa = PBXBuildFile; fileRef = A0E21B1A1AD3F38900A642A3 /* red.png */; };
		A0E21BAE1AD3F38A00A642A3 /* Reset.png in Resources */ = {isa = PBXBuildFile; fileRef = A0E21B1B1AD3F38900A642A3 /* Reset.png */; };
		A0E21BAF1AD3F38A00A642A3 /* resetbutton.png in Resources */ = {isa = PBXBuildFile; fileRef = A0E21B1C1AD3F38900A642A3 /* resetbutton.png */; };
		A0E21BB01AD3F38A00A642A3 /* Save.png in Resources */ = {isa = PBXBuildFile; fileRef = A0E21B1D1AD3F38900A642A3 /* Save.png */; };
		A0E21BB11AD3F38A00A642A3 /* savebutton.png in Resources */ = {isa = PBXBuildFile; fileRef = A0E21B1E1AD3F38900A642A3 /* savebutton.png */; };
		A0E21BB21AD3F38A00A642A3 /* savetool.png in Resources */ = {isa = PBXBuildFile; fileRef = A0E21B1F1AD3F38900A642A3 /* savetool.png */; };
		A0E21BB31AD3F38A00A642A3 /* screenshot.png in Resources */ = {isa = PBXBuildFile; fileRef = A0E21B201AD3F38900A642A3 /* screenshot.png */; };
		A0E21BB41AD3F38A00A642A3 /* Selectadrill.png in Resources */ = {isa = PBXBuildFile; fileRef = A0E21B211AD3F38900A642A3 /* Selectadrill.png */; };
		A0E21BB51AD3F38A00A642A3 /* ShoulderRotation.png in Resources */ = {isa = PBXBuildFile; fileRef = A0E21B221AD3F38900A642A3 /* ShoulderRotation.png */; };
		A0E21BB61AD3F38A00A642A3 /* square.gif in Resources */ = {isa = PBXBuildFile; fileRef = A0E21B231AD3F38900A642A3 /* square.gif */; };
		A0E21BB71AD3F38A00A642A3 /* straightline.png in Resources */ = {isa = PBXBuildFile; fileRef = A0E21B241AD3F38900A642A3 /* straightline.png */; };
		A0E21BB81AD3F38A00A642A3 /* Text For Drill 1.png in Resources */ = {isa = PBXBuildFile; fileRef = A0E21B251AD3F38900A642A3 /* Text For Drill 1.png */; };
		A0E21BB91AD3F38A00A642A3 /* twitter.png in Resources */ = {isa = PBXBuildFile; fileRef = A0E21B261AD3F38900A642A3 /* twitter.png */; };
		A0E21BF01AD3F38A00A642A3 /* videoprocessing.png in Resources */ = {isa = PBXBuildFile; fileRef = A0E21B901AD3F38A00A642A3 /* videoprocessing.png */; };
		A0E21BF11AD3F38A00A642A3 /* VP1.png in Resources */ = {isa = PBXBuildFile; fileRef = A0E21B911AD3F38A00A642A3 /* VP1.png */; };
		A0E21BF21AD3F38A00A642A3 /* VP2.png in Resources */ = {isa = PBXBuildFile; fileRef = A0E21B921AD3F38A00A642A3 /* VP2.png */; };
		A0E21BF31AD3F38A00A642A3 /* VP3.png in Resources */ = {isa = PBXBuildFile; fileRef = A0E21B931AD3F38A00A642A3 /* VP3.png */; };
		A0E21BF41AD3F38A00A642A3 /* VP4.png in Resources */ = {isa = PBXBuildFile; fileRef = A0E21B941AD3F38A00A642A3 /* VP4.png */; };
		A0E21C021AD622A600A642A3 /* green.svg in Resources */ = {isa = PBXBuildFile; fileRef = A0E21C011AD622A600A642A3 /* green.svg */; };
		A0E21C041AD6C10900A642A3 /* green.png in Resources */ = {isa = PBXBuildFile; fileRef = A0E21C031AD6C10900A642A3 /* green.png */; };
		A0E21C061AD9ADEC00A642A3 /* ShoulderRotationDrill.mov in Resources */ = {isa = PBXBuildFile; fileRef = A0E21C051AD9ADEC00A642A3 /* ShoulderRotationDrill.mov */; };
		A0E21C0B1ADB25DC00A642A3 /* TutorialofApp.m in Sources */ = {isa = PBXBuildFile; fileRef = A0E21C0A1ADB25DC00A642A3 /* TutorialofApp.m */; };
		A0E21C971ADC8B4300A642A3 /* tutorial16.png in Resources */ = {isa = PBXBuildFile; fileRef = A0E21C831ADC8B4300A642A3 /* tutorial16.png */; };
		A0E21C981ADC8B4300A642A3 /* tutorial14.png in Resources */ = {isa = PBXBuildFile; fileRef = A0E21C841ADC8B4300A642A3 /* tutorial14.png */; };
		A0E21C991ADC8B4300A642A3 /* tutorial15.png in Resources */ = {isa = PBXBuildFile; fileRef = A0E21C851ADC8B4300A642A3 /* tutorial15.png */; };
		A0E21C9A1ADC8B4300A642A3 /* tutorial13.png in Resources */ = {isa = PBXBuildFile; fileRef = A0E21C861ADC8B4300A642A3 /* tutorial13.png */; };
		A0E21C9B1ADC8B4300A642A3 /* tutorial12.png in Resources */ = {isa = PBXBuildFile; fileRef = A0E21C871ADC8B4300A642A3 /* tutorial12.png */; };
		A0E21C9C1ADC8B4300A642A3 /* tutorial11.png in Resources */ = {isa = PBXBuildFile; fileRef = A0E21C881ADC8B4300A642A3 /* tutorial11.png */; };
		A0E21C9D1ADC8B4300A642A3 /* tutorial10.png in Resources */ = {isa = PBXBuildFile; fileRef = A0E21C891ADC8B4300A642A3 /* tutorial10.png */; };
		A0E21C9E1ADC8B4300A642A3 /* tutorial9.png in Resources */ = {isa = PBXBuildFile; fileRef = A0E21C8A1ADC8B4300A642A3 /* tutorial9.png */; };
		A0E21C9F1ADC8B4300A642A3 /* tutorial8.png in Resources */ = {isa = PBXBuildFile; fileRef = A0E21C8B1ADC8B4300A642A3 /* tutorial8.png */; };
		A0E21CA01ADC8B4300A642A3 /* tutorial7.png in Resources */ = {isa = PBXBuildFile; fileRef = A0E21C8C1ADC8B4300A642A3 /* tutorial7.png */; };
		A0E21CA11ADC8B4300A642A3 /* tutorial6.png in Resources */ = {isa = PBXBuildFile; fileRef = A0E21C8D1ADC8B4300A642A3 /* tutorial6.png */; };
		A0E21CA21ADC8B4300A642A3 /* Tutorial5.png in Resources */ = {isa = PBXBuildFile; fileRef = A0E21C8E1ADC8B4300A642A3 /* Tutorial5.png */; };
		A0E21CA31ADC8B4300A642A3 /* Tutorial4.png in Resources */ = {isa = PBXBuildFile; fileRef = A0E21C8F1ADC8B4300A642A3 /* Tutorial4.png */; };
		A0E21CA41ADC8B4300A642A3 /* tutorial3.png in Resources */ = {isa = PBXBuildFile; fileRef = A0E21C901ADC8B4300A642A3 /* tutorial3.png */; };
		A0E21CA51ADC8B4300A642A3 /* Tutorial2.png in Resources */ = {isa = PBXBuildFile; fileRef = A0E21C911ADC8B4300A642A3 /* Tutorial2.png */; };
		A0E21CA61ADC8B4300A642A3 /* Tutorial1.png in Resources */ = {isa = PBXBuildFile; fileRef = A0E21C921ADC8B4300A642A3 /* Tutorial1.png */; };
		A0E21CA71ADC8B4300A642A3 /* ET.png in Resources */ = {isa = PBXBuildFile; fileRef = A0E21C931ADC8B4300A642A3 /* ET.png */; };
		A0E21CA81ADC8B4300A642A3 /* next.png in Resources */ = {isa = PBXBuildFile; fileRef = A0E21C941ADC8B4300A642A3 /* next.png */; };
		A0E21CA91ADC8B4300A642A3 /* Tutorial.png in Resources */ = {isa = PBXBuildFile; fileRef = A0E21C951ADC8B4300A642A3 /* Tutorial.png */; };
		A0E21CAA1ADC8B4300A642A3 /* HipToLip.png in Resources */ = {isa = PBXBuildFile; fileRef = A0E21C961ADC8B4300A642A3 /* HipToLip.png */; };
		A0F59D6519FD17C8008B904A /* main.m in Sources */ = {isa = PBXBuildFile; fileRef = A0F59D6419FD17C8008B904A /* main.m */; };
		A0F59D6819FD17C8008B904A /* AppDelegate.m in Sources */ = {isa = PBXBuildFile; fileRef = A0F59D6719FD17C8008B904A /* AppDelegate.m */; };
		A0F59D6B19FD17C8008B904A /* CricketApp.xcdatamodeld in Sources */ = {isa = PBXBuildFile; fileRef = A0F59D6919FD17C8008B904A /* CricketApp.xcdatamodeld */; };
		A0F59D6E19FD17C8008B904A /* ViewController.m in Sources */ = {isa = PBXBuildFile; fileRef = A0F59D6D19FD17C8008B904A /* ViewController.m */; };
		A0F59D7119FD17C8008B904A /* Main.storyboard in Resources */ = {isa = PBXBuildFile; fileRef = A0F59D6F19FD17C8008B904A /* Main.storyboard */; };
		A0F59D7319FD17C8008B904A /* Images.xcassets in Resources */ = {isa = PBXBuildFile; fileRef = A0F59D7219FD17C8008B904A /* Images.xcassets */; };
		A0F59D7619FD17C8008B904A /* LaunchScreen.xib in Resources */ = {isa = PBXBuildFile; fileRef = A0F59D7419FD17C8008B904A /* LaunchScreen.xib */; };
		A0F59D8219FD17C8008B904A /* CricketAppTests.m in Sources */ = {isa = PBXBuildFile; fileRef = A0F59D8119FD17C8008B904A /* CricketAppTests.m */; };
/* End PBXBuildFile section */

/* Begin PBXContainerItemProxy section */
		A0F59D7C19FD17C8008B904A /* PBXContainerItemProxy */ = {
			isa = PBXContainerItemProxy;
			containerPortal = A0F59D5719FD17C7008B904A /* Project object */;
			proxyType = 1;
			remoteGlobalIDString = A0F59D5E19FD17C8008B904A;
			remoteInfo = CricketApp;
		};
/* End PBXContainerItemProxy section */

/* Begin PBXFileReference section */
		A0114A8C1AD1C0F800E0F959 /* CricketApp.entitlements */ = {isa = PBXFileReference; lastKnownFileType = text.xml; path = CricketApp.entitlements; sourceTree = "<group>"; };
		A031F0051A0791B20081C6A9 /* MyVideosViewController.h */ = {isa = PBXFileReference; fileEncoding = 4; lastKnownFileType = sourcecode.c.h; name = MyVideosViewController.h; path = CricketApp/MyVideosViewController.h; sourceTree = "<group>"; };
		A031F0061A0791B20081C6A9 /* MyVideosViewController.m */ = {isa = PBXFileReference; fileEncoding = 4; lastKnownFileType = sourcecode.c.objc; name = MyVideosViewController.m; path = CricketApp/MyVideosViewController.m; sourceTree = "<group>"; };
		A031F00A1A07966D0081C6A9 /* MediaPlayer.framework */ = {isa = PBXFileReference; lastKnownFileType = wrapper.framework; name = MediaPlayer.framework; path = System/Library/Frameworks/MediaPlayer.framework; sourceTree = SDKROOT; };
		A031F00C1A0796800081C6A9 /* MobileCoreServices.framework */ = {isa = PBXFileReference; lastKnownFileType = wrapper.framework; name = MobileCoreServices.framework; path = System/Library/Frameworks/MobileCoreServices.framework; sourceTree = SDKROOT; };
		A04798811A07B3B0003C29EA /* DrillsViewController.h */ = {isa = PBXFileReference; fileEncoding = 4; lastKnownFileType = sourcecode.c.h; name = DrillsViewController.h; path = CricketApp/DrillsViewController.h; sourceTree = "<group>"; };
		A04798821A07B3B0003C29EA /* DrillsViewController.m */ = {isa = PBXFileReference; fileEncoding = 4; lastKnownFileType = sourcecode.c.objc; name = DrillsViewController.m; path = CricketApp/DrillsViewController.m; sourceTree = "<group>"; };
		A0504ACF1A1531BF00B31FB7 /* Model.h */ = {isa = PBXFileReference; fileEncoding = 4; lastKnownFileType = sourcecode.c.h; path = Model.h; sourceTree = "<group>"; };
		A0504AD01A1531BF00B31FB7 /* Model.m */ = {isa = PBXFileReference; fileEncoding = 4; lastKnownFileType = sourcecode.c.objc; path = Model.m; sourceTree = "<group>"; };
		A09E738F1A7003D8006778CB /* InternetController.h */ = {isa = PBXFileReference; fileEncoding = 4; lastKnownFileType = sourcecode.c.h; path = InternetController.h; sourceTree = "<group>"; };
		A09E73901A7003D8006778CB /* InternetController.m */ = {isa = PBXFileReference; fileEncoding = 4; lastKnownFileType = sourcecode.c.objc; path = InternetController.m; sourceTree = "<group>"; };
		A09E73B51A725890006778CB /* PalletVideoController.h */ = {isa = PBXFileReference; fileEncoding = 4; lastKnownFileType = sourcecode.c.h; name = PalletVideoController.h; path = CricketApp/PalletVideoController.h; sourceTree = "<group>"; };
		A09E73B61A725890006778CB /* PalletVideoController.m */ = {isa = PBXFileReference; fileEncoding = 4; lastKnownFileType = sourcecode.c.objc; name = PalletVideoController.m; path = CricketApp/PalletVideoController.m; sourceTree = "<group>"; };
		A09E73B81A726853006778CB /* Shape.h */ = {isa = PBXFileReference; fileEncoding = 4; lastKnownFileType = sourcecode.c.h; name = Shape.h; path = Tools/Shape.h; sourceTree = "<group>"; };
		A09E73B91A726853006778CB /* Shape.m */ = {isa = PBXFileReference; fileEncoding = 4; lastKnownFileType = sourcecode.c.objc; name = Shape.m; path = Tools/Shape.m; sourceTree = "<group>"; };
		A09E73BB1A726863006778CB /* LineShape.h */ = {isa = PBXFileReference; fileEncoding = 4; lastKnownFileType = sourcecode.c.h; name = LineShape.h; path = Tools/LineShape.h; sourceTree = "<group>"; };
		A09E73BC1A726863006778CB /* LineShape.m */ = {isa = PBXFileReference; fileEncoding = 4; lastKnownFileType = sourcecode.c.objc; name = LineShape.m; path = Tools/LineShape.m; sourceTree = "<group>"; };
		A09E73BE1A726A84006778CB /* Shapes.h */ = {isa = PBXFileReference; fileEncoding = 4; lastKnownFileType = sourcecode.c.h; path = Shapes.h; sourceTree = "<group>"; };
		A09E73D21A7D1552006778CB /* Social.framework */ = {isa = PBXFileReference; lastKnownFileType = wrapper.framework; name = Social.framework; path = System/Library/Frameworks/Social.framework; sourceTree = SDKROOT; };
		A0B885B71A8C1F05008C7058 /* AutomaticVideoProcessing.h */ = {isa = PBXFileReference; fileEncoding = 4; lastKnownFileType = sourcecode.c.h; name = AutomaticVideoProcessing.h; path = CricketApp/AutomaticVideoProcessing.h; sourceTree = "<group>"; };
		A0B885B81A8C1F05008C7058 /* AutomaticVideoProcessing.m */ = {isa = PBXFileReference; fileEncoding = 4; lastKnownFileType = sourcecode.c.objc; name = AutomaticVideoProcessing.m; path = CricketApp/AutomaticVideoProcessing.m; sourceTree = "<group>"; };
		A0E21AEF1AD2DBB500A642A3 /* AutomaticVideoProcessing2.h */ = {isa = PBXFileReference; fileEncoding = 4; lastKnownFileType = sourcecode.c.h; name = AutomaticVideoProcessing2.h; path = CricketApp/AutomaticVideoProcessing2.h; sourceTree = "<group>"; };
		A0E21AF01AD2DBB500A642A3 /* AutomaticVideoProcessing2.m */ = {isa = PBXFileReference; fileEncoding = 4; lastKnownFileType = sourcecode.c.objc; name = AutomaticVideoProcessing2.m; path = CricketApp/AutomaticVideoProcessing2.m; sourceTree = "<group>"; };
		A0E21AF61AD2E5AA00A642A3 /* AutomaticVideoProcessing3.h */ = {isa = PBXFileReference; fileEncoding = 4; lastKnownFileType = sourcecode.c.h; name = AutomaticVideoProcessing3.h; path = CricketApp/AutomaticVideoProcessing3.h; sourceTree = "<group>"; };
		A0E21AF71AD2E5AA00A642A3 /* AutomaticVideoProcessing3.m */ = {isa = PBXFileReference; fileEncoding = 4; lastKnownFileType = sourcecode.c.objc; name = AutomaticVideoProcessing3.m; path = CricketApp/AutomaticVideoProcessing3.m; sourceTree = "<group>"; };
		A0E21AF91AD2EF0200A642A3 /* AutomaticVideoProcessing4.h */ = {isa = PBXFileReference; fileEncoding = 4; lastKnownFileType = sourcecode.c.h; name = AutomaticVideoProcessing4.h; path = CricketApp/AutomaticVideoProcessing4.h; sourceTree = "<group>"; };
		A0E21AFA1AD2EF0200A642A3 /* AutomaticVideoProcessing4.m */ = {isa = PBXFileReference; fileEncoding = 4; lastKnownFileType = sourcecode.c.objc; name = AutomaticVideoProcessing4.m; path = CricketApp/AutomaticVideoProcessing4.m; sourceTree = "<group>"; };
		A0E21AFC1AD2FDC100A642A3 /* AutoVideoEditing.h */ = {isa = PBXFileReference; fileEncoding = 4; lastKnownFileType = sourcecode.c.h; path = AutoVideoEditing.h; sourceTree = "<group>"; };
		A0E21AFD1AD2FDC100A642A3 /* AutoVideoEditing.m */ = {isa = PBXFileReference; fileEncoding = 4; lastKnownFileType = sourcecode.c.objc; path = AutoVideoEditing.m; sourceTree = "<group>"; };
		A0E21B021AD3F38900A642A3 /* amber.png */ = {isa = PBXFileReference; lastKnownFileType = image.png; path = amber.png; sourceTree = "<group>"; };
		A0E21B051AD3F38900A642A3 /* back button.png */ = {isa = PBXFileReference; lastKnownFileType = image.png; path = "back button.png"; sourceTree = "<group>"; };
		A0E21B061AD3F38900A642A3 /* CarlGreenidge.jpg */ = {isa = PBXFileReference; lastKnownFileType = image.jpeg; path = CarlGreenidge.jpg; sourceTree = "<group>"; };
		A0E21B071AD3F38900A642A3 /* circle.gif */ = {isa = PBXFileReference; lastKnownFileType = image.gif; path = circle.gif; sourceTree = "<group>"; };
		A0E21B081AD3F38900A642A3 /* circle.png */ = {isa = PBXFileReference; lastKnownFileType = image.png; path = circle.png; sourceTree = "<group>"; };
		A0E21B091AD3F38900A642A3 /* curvedline.png */ = {isa = PBXFileReference; lastKnownFileType = image.png; path = curvedline.png; sourceTree = "<group>"; };
		A0E21B0A1AD3F38900A642A3 /* D.png */ = {isa = PBXFileReference; lastKnownFileType = image.png; path = D.png; sourceTree = "<group>"; };
		A0E21B0B1AD3F38900A642A3 /* download.png */ = {isa = PBXFileReference; lastKnownFileType = image.png; path = download.png; sourceTree = "<group>"; };
		A0E21B0C1AD3F38900A642A3 /* eraser.png */ = {isa = PBXFileReference; lastKnownFileType = image.png; path = eraser.png; sourceTree = "<group>"; };
		A0E21B0D1AD3F38900A642A3 /* EV1.png */ = {isa = PBXFileReference; lastKnownFileType = image.png; path = EV1.png; sourceTree = "<group>"; };
		A0E21B0E1AD3F38900A642A3 /* EV2.png */ = {isa = PBXFileReference; lastKnownFileType = image.png; path = EV2.png; sourceTree = "<group>"; };
		A0E21B0F1AD3F38900A642A3 /* facebook.png */ = {isa = PBXFileReference; lastKnownFileType = image.png; path = facebook.png; sourceTree = "<group>"; };
		A0E21B101AD3F38900A642A3 /* FullRunUp.png */ = {isa = PBXFileReference; lastKnownFileType = image.png; path = FullRunUp.png; sourceTree = "<group>"; };
		A0E21B111AD3F38900A642A3 /* FullRunUpDrill.mov */ = {isa = PBXFileReference; lastKnownFileType = video.quicktime; path = FullRunUpDrill.mov; sourceTree = "<group>"; };
		A0E21B121AD3F38900A642A3 /* HipToLipDrill.mov */ = {isa = PBXFileReference; lastKnownFileType = video.quicktime; path = HipToLipDrill.mov; sourceTree = "<group>"; };
		A0E21B131AD3F38900A642A3 /* KneeDriveDrill.MOV */ = {isa = PBXFileReference; lastKnownFileType = video.quicktime; path = KneeDriveDrill.MOV; sourceTree = "<group>"; };
		A0E21B141AD3F38900A642A3 /* line.png */ = {isa = PBXFileReference; lastKnownFileType = image.png; path = line.png; sourceTree = "<group>"; };
		A0E21B151AD3F38900A642A3 /* linetool.png */ = {isa = PBXFileReference; lastKnownFileType = image.png; path = linetool.png; sourceTree = "<group>"; };
		A0E21B161AD3F38900A642A3 /* MV.png */ = {isa = PBXFileReference; lastKnownFileType = image.png; path = MV.png; sourceTree = "<group>"; };
		A0E21B171AD3F38900A642A3 /* MYVIDEOS.png */ = {isa = PBXFileReference; lastKnownFileType = image.png; path = MYVIDEOS.png; sourceTree = "<group>"; };
		A0E21B181AD3F38900A642A3 /* PlayVideoProcessing.png */ = {isa = PBXFileReference; lastKnownFileType = image.png; path = PlayVideoProcessing.png; sourceTree = "<group>"; };
		A0E21B191AD3F38900A642A3 /* RB.png */ = {isa = PBXFileReference; lastKnownFileType = image.png; path = RB.png; sourceTree = "<group>"; };
		A0E21B1A1AD3F38900A642A3 /* red.png */ = {isa = PBXFileReference; lastKnownFileType = image.png; path = red.png; sourceTree = "<group>"; };
		A0E21B1B1AD3F38900A642A3 /* Reset.png */ = {isa = PBXFileReference; lastKnownFileType = image.png; path = Reset.png; sourceTree = "<group>"; };
		A0E21B1C1AD3F38900A642A3 /* resetbutton.png */ = {isa = PBXFileReference; lastKnownFileType = image.png; path = resetbutton.png; sourceTree = "<group>"; };
		A0E21B1D1AD3F38900A642A3 /* Save.png */ = {isa = PBXFileReference; lastKnownFileType = image.png; path = Save.png; sourceTree = "<group>"; };
		A0E21B1E1AD3F38900A642A3 /* savebutton.png */ = {isa = PBXFileReference; lastKnownFileType = image.png; path = savebutton.png; sourceTree = "<group>"; };
		A0E21B1F1AD3F38900A642A3 /* savetool.png */ = {isa = PBXFileReference; lastKnownFileType = image.png; path = savetool.png; sourceTree = "<group>"; };
		A0E21B201AD3F38900A642A3 /* screenshot.png */ = {isa = PBXFileReference; lastKnownFileType = image.png; path = screenshot.png; sourceTree = "<group>"; };
		A0E21B211AD3F38900A642A3 /* Selectadrill.png */ = {isa = PBXFileReference; lastKnownFileType = image.png; path = Selectadrill.png; sourceTree = "<group>"; };
		A0E21B221AD3F38900A642A3 /* ShoulderRotation.png */ = {isa = PBXFileReference; lastKnownFileType = image.png; path = ShoulderRotation.png; sourceTree = "<group>"; };
		A0E21B231AD3F38900A642A3 /* square.gif */ = {isa = PBXFileReference; lastKnownFileType = image.gif; path = square.gif; sourceTree = "<group>"; };
		A0E21B241AD3F38900A642A3 /* straightline.png */ = {isa = PBXFileReference; lastKnownFileType = image.png; path = straightline.png; sourceTree = "<group>"; };
		A0E21B251AD3F38900A642A3 /* Text For Drill 1.png */ = {isa = PBXFileReference; lastKnownFileType = image.png; path = "Text For Drill 1.png"; sourceTree = "<group>"; };
		A0E21B261AD3F38900A642A3 /* twitter.png */ = {isa = PBXFileReference; lastKnownFileType = image.png; path = twitter.png; sourceTree = "<group>"; };
		A0E21B901AD3F38A00A642A3 /* videoprocessing.png */ = {isa = PBXFileReference; lastKnownFileType = image.png; path = videoprocessing.png; sourceTree = "<group>"; };
		A0E21B911AD3F38A00A642A3 /* VP1.png */ = {isa = PBXFileReference; lastKnownFileType = image.png; path = VP1.png; sourceTree = "<group>"; };
		A0E21B921AD3F38A00A642A3 /* VP2.png */ = {isa = PBXFileReference; lastKnownFileType = image.png; path = VP2.png; sourceTree = "<group>"; };
		A0E21B931AD3F38A00A642A3 /* VP3.png */ = {isa = PBXFileReference; lastKnownFileType = image.png; path = VP3.png; sourceTree = "<group>"; };
		A0E21B941AD3F38A00A642A3 /* VP4.png */ = {isa = PBXFileReference; lastKnownFileType = image.png; path = VP4.png; sourceTree = "<group>"; };
		A0E21C011AD622A600A642A3 /* green.svg */ = {isa = PBXFileReference; fileEncoding = 4; lastKnownFileType = text.xml; path = green.svg; sourceTree = "<group>"; };
		A0E21C031AD6C10900A642A3 /* green.png */ = {isa = PBXFileReference; lastKnownFileType = image.png; name = green.png; path = ../../green.png; sourceTree = "<group>"; };
		A0E21C051AD9ADEC00A642A3 /* ShoulderRotationDrill.mov */ = {isa = PBXFileReference; lastKnownFileType = video.quicktime; name = ShoulderRotationDrill.mov; path = ../../../../../Applications/XAMPP/xamppfiles/htdocs/videosfolder/ShoulderRotationDrill.mov; sourceTree = "<group>"; };
		A0E21C091ADB25DC00A642A3 /* TutorialofApp.h */ = {isa = PBXFileReference; fileEncoding = 4; lastKnownFileType = sourcecode.c.h; path = TutorialofApp.h; sourceTree = "<group>"; };
		A0E21C0A1ADB25DC00A642A3 /* TutorialofApp.m */ = {isa = PBXFileReference; fileEncoding = 4; lastKnownFileType = sourcecode.c.objc; path = TutorialofApp.m; sourceTree = "<group>"; };
		A0E21C831ADC8B4300A642A3 /* tutorial16.png */ = {isa = PBXFileReference; lastKnownFileType = image.png; path = tutorial16.png; sourceTree = "<group>"; };
		A0E21C841ADC8B4300A642A3 /* tutorial14.png */ = {isa = PBXFileReference; lastKnownFileType = image.png; path = tutorial14.png; sourceTree = "<group>"; };
		A0E21C851ADC8B4300A642A3 /* tutorial15.png */ = {isa = PBXFileReference; lastKnownFileType = image.png; path = tutorial15.png; sourceTree = "<group>"; };
		A0E21C861ADC8B4300A642A3 /* tutorial13.png */ = {isa = PBXFileReference; lastKnownFileType = image.png; path = tutorial13.png; sourceTree = "<group>"; };
		A0E21C871ADC8B4300A642A3 /* tutorial12.png */ = {isa = PBXFileReference; lastKnownFileType = image.png; path = tutorial12.png; sourceTree = "<group>"; };
		A0E21C881ADC8B4300A642A3 /* tutorial11.png */ = {isa = PBXFileReference; lastKnownFileType = image.png; path = tutorial11.png; sourceTree = "<group>"; };
		A0E21C891ADC8B4300A642A3 /* tutorial10.png */ = {isa = PBXFileReference; lastKnownFileType = image.png; path = tutorial10.png; sourceTree = "<group>"; };
		A0E21C8A1ADC8B4300A642A3 /* tutorial9.png */ = {isa = PBXFileReference; lastKnownFileType = image.png; path = tutorial9.png; sourceTree = "<group>"; };
		A0E21C8B1ADC8B4300A642A3 /* tutorial8.png */ = {isa = PBXFileReference; lastKnownFileType = image.png; path = tutorial8.png; sourceTree = "<group>"; };
		A0E21C8C1ADC8B4300A642A3 /* tutorial7.png */ = {isa = PBXFileReference; lastKnownFileType = image.png; path = tutorial7.png; sourceTree = "<group>"; };
		A0E21C8D1ADC8B4300A642A3 /* tutorial6.png */ = {isa = PBXFileReference; lastKnownFileType = image.png; path = tutorial6.png; sourceTree = "<group>"; };
		A0E21C8E1ADC8B4300A642A3 /* Tutorial5.png */ = {isa = PBXFileReference; lastKnownFileType = image.png; path = Tutorial5.png; sourceTree = "<group>"; };
		A0E21C8F1ADC8B4300A642A3 /* Tutorial4.png */ = {isa = PBXFileReference; lastKnownFileType = image.png; path = Tutorial4.png; sourceTree = "<group>"; };
		A0E21C901ADC8B4300A642A3 /* tutorial3.png */ = {isa = PBXFileReference; lastKnownFileType = image.png; path = tutorial3.png; sourceTree = "<group>"; };
		A0E21C911ADC8B4300A642A3 /* Tutorial2.png */ = {isa = PBXFileReference; lastKnownFileType = image.png; path = Tutorial2.png; sourceTree = "<group>"; };
		A0E21C921ADC8B4300A642A3 /* Tutorial1.png */ = {isa = PBXFileReference; lastKnownFileType = image.png; path = Tutorial1.png; sourceTree = "<group>"; };
		A0E21C931ADC8B4300A642A3 /* ET.png */ = {isa = PBXFileReference; lastKnownFileType = image.png; path = ET.png; sourceTree = "<group>"; };
		A0E21C941ADC8B4300A642A3 /* next.png */ = {isa = PBXFileReference; lastKnownFileType = image.png; path = next.png; sourceTree = "<group>"; };
		A0E21C951ADC8B4300A642A3 /* Tutorial.png */ = {isa = PBXFileReference; lastKnownFileType = image.png; path = Tutorial.png; sourceTree = "<group>"; };
		A0E21C961ADC8B4300A642A3 /* HipToLip.png */ = {isa = PBXFileReference; lastKnownFileType = image.png; path = HipToLip.png; sourceTree = "<group>"; };
		A0F59D5F19FD17C8008B904A /* CricketApp.app */ = {isa = PBXFileReference; explicitFileType = wrapper.application; includeInIndex = 0; path = CricketApp.app; sourceTree = BUILT_PRODUCTS_DIR; };
		A0F59D6319FD17C8008B904A /* Info.plist */ = {isa = PBXFileReference; lastKnownFileType = text.plist.xml; path = Info.plist; sourceTree = "<group>"; };
		A0F59D6419FD17C8008B904A /* main.m */ = {isa = PBXFileReference; lastKnownFileType = sourcecode.c.objc; path = main.m; sourceTree = "<group>"; };
		A0F59D6619FD17C8008B904A /* AppDelegate.h */ = {isa = PBXFileReference; lastKnownFileType = sourcecode.c.h; path = AppDelegate.h; sourceTree = "<group>"; };
		A0F59D6719FD17C8008B904A /* AppDelegate.m */ = {isa = PBXFileReference; lastKnownFileType = sourcecode.c.objc; path = AppDelegate.m; sourceTree = "<group>"; };
		A0F59D6A19FD17C8008B904A /* CricketApp.xcdatamodel */ = {isa = PBXFileReference; lastKnownFileType = wrapper.xcdatamodel; path = CricketApp.xcdatamodel; sourceTree = "<group>"; };
		A0F59D6C19FD17C8008B904A /* ViewController.h */ = {isa = PBXFileReference; lastKnownFileType = sourcecode.c.h; name = ViewController.h; path = CricketApp/ViewController.h; sourceTree = "<group>"; };
		A0F59D6D19FD17C8008B904A /* ViewController.m */ = {isa = PBXFileReference; lastKnownFileType = sourcecode.c.objc; name = ViewController.m; path = CricketApp/ViewController.m; sourceTree = "<group>"; };
		A0F59D7019FD17C8008B904A /* Base */ = {isa = PBXFileReference; lastKnownFileType = file.storyboard; name = Base; path = Base.lproj/Main.storyboard; sourceTree = "<group>"; };
		A0F59D7219FD17C8008B904A /* Images.xcassets */ = {isa = PBXFileReference; lastKnownFileType = folder.assetcatalog; path = Images.xcassets; sourceTree = "<group>"; };
		A0F59D7519FD17C8008B904A /* Base */ = {isa = PBXFileReference; lastKnownFileType = file.xib; name = Base; path = Base.lproj/LaunchScreen.xib; sourceTree = "<group>"; };
		A0F59D7B19FD17C8008B904A /* CricketAppTests.xctest */ = {isa = PBXFileReference; explicitFileType = wrapper.cfbundle; includeInIndex = 0; path = CricketAppTests.xctest; sourceTree = BUILT_PRODUCTS_DIR; };
		A0F59D8019FD17C8008B904A /* Info.plist */ = {isa = PBXFileReference; lastKnownFileType = text.plist.xml; path = Info.plist; sourceTree = "<group>"; };
		A0F59D8119FD17C8008B904A /* CricketAppTests.m */ = {isa = PBXFileReference; lastKnownFileType = sourcecode.c.objc; path = CricketAppTests.m; sourceTree = "<group>"; };
/* End PBXFileReference section */

/* Begin PBXFrameworksBuildPhase section */
		A0F59D5C19FD17C8008B904A /* Frameworks */ = {
			isa = PBXFrameworksBuildPhase;
			buildActionMask = 2147483647;
			files = (
				A09E73D31A7D1552006778CB /* Social.framework in Frameworks */,
				A031F00D1A0796800081C6A9 /* MobileCoreServices.framework in Frameworks */,
				A031F00B1A07966D0081C6A9 /* MediaPlayer.framework in Frameworks */,
			);
			runOnlyForDeploymentPostprocessing = 0;
		};
		A0F59D7819FD17C8008B904A /* Frameworks */ = {
			isa = PBXFrameworksBuildPhase;
			buildActionMask = 2147483647;
			files = (
			);
			runOnlyForDeploymentPostprocessing = 0;
		};
/* End PBXFrameworksBuildPhase section */

/* Begin PBXGroup section */
		A02C6F571A0D34830007AE99 /* Controller */ = {
			isa = PBXGroup;
			children = (
				A031F0051A0791B20081C6A9 /* MyVideosViewController.h */,
				A031F0061A0791B20081C6A9 /* MyVideosViewController.m */,
				A04798811A07B3B0003C29EA /* DrillsViewController.h */,
				A04798821A07B3B0003C29EA /* DrillsViewController.m */,
				A0F59D6D19FD17C8008B904A /* ViewController.m */,
				A0F59D6C19FD17C8008B904A /* ViewController.h */,
				A09E738F1A7003D8006778CB /* InternetController.h */,
				A09E73901A7003D8006778CB /* InternetController.m */,
				A09E73B51A725890006778CB /* PalletVideoController.h */,
				A09E73B61A725890006778CB /* PalletVideoController.m */,
				A0B885B71A8C1F05008C7058 /* AutomaticVideoProcessing.h */,
				A0B885B81A8C1F05008C7058 /* AutomaticVideoProcessing.m */,
				A0E21AEF1AD2DBB500A642A3 /* AutomaticVideoProcessing2.h */,
				A0E21AF01AD2DBB500A642A3 /* AutomaticVideoProcessing2.m */,
				A0E21AF61AD2E5AA00A642A3 /* AutomaticVideoProcessing3.h */,
				A0E21AF71AD2E5AA00A642A3 /* AutomaticVideoProcessing3.m */,
				A0E21AF91AD2EF0200A642A3 /* AutomaticVideoProcessing4.h */,
				A0E21AFA1AD2EF0200A642A3 /* AutomaticVideoProcessing4.m */,
				A0E21AFC1AD2FDC100A642A3 /* AutoVideoEditing.h */,
				A0E21AFD1AD2FDC100A642A3 /* AutoVideoEditing.m */,
				A0E21C091ADB25DC00A642A3 /* TutorialofApp.h */,
				A0E21C0A1ADB25DC00A642A3 /* TutorialofApp.m */,
			);
			name = Controller;
			path = ..;
			sourceTree = "<group>";
		};
		A02C6F581A0D34860007AE99 /* View */ = {
			isa = PBXGroup;
			children = (
				A09E73B81A726853006778CB /* Shape.h */,
				A09E73B91A726853006778CB /* Shape.m */,
				A09E73BB1A726863006778CB /* LineShape.h */,
				A09E73BC1A726863006778CB /* LineShape.m */,
				A09E73BE1A726A84006778CB /* Shapes.h */,
			);
			name = View;
			path = ..;
			sourceTree = "<group>";
		};
		A02C6F591A0D348C0007AE99 /* Model */ = {
			isa = PBXGroup;
			children = (
				A0504ACF1A1531BF00B31FB7 /* Model.h */,
				A0504AD01A1531BF00B31FB7 /* Model.m */,
			);
			name = Model;
			path = ..;
			sourceTree = "<group>";
		};
		A0E21B011AD3F38900A642A3 /* Resources */ = {
			isa = PBXGroup;
			children = (
				A0E21C831ADC8B4300A642A3 /* tutorial16.png */,
				A0E21C841ADC8B4300A642A3 /* tutorial14.png */,
				A0E21C851ADC8B4300A642A3 /* tutorial15.png */,
				A0E21C861ADC8B4300A642A3 /* tutorial13.png */,
				A0E21C871ADC8B4300A642A3 /* tutorial12.png */,
				A0E21C881ADC8B4300A642A3 /* tutorial11.png */,
				A0E21C891ADC8B4300A642A3 /* tutorial10.png */,
				A0E21C8A1ADC8B4300A642A3 /* tutorial9.png */,
				A0E21C8B1ADC8B4300A642A3 /* tutorial8.png */,
				A0E21C8C1ADC8B4300A642A3 /* tutorial7.png */,
				A0E21C8D1ADC8B4300A642A3 /* tutorial6.png */,
				A0E21C8E1ADC8B4300A642A3 /* Tutorial5.png */,
				A0E21C8F1ADC8B4300A642A3 /* Tutorial4.png */,
				A0E21C901ADC8B4300A642A3 /* tutorial3.png */,
				A0E21C911ADC8B4300A642A3 /* Tutorial2.png */,
				A0E21C921ADC8B4300A642A3 /* Tutorial1.png */,
				A0E21C931ADC8B4300A642A3 /* ET.png */,
				A0E21C941ADC8B4300A642A3 /* next.png */,
				A0E21C951ADC8B4300A642A3 /* Tutorial.png */,
				A0E21C961ADC8B4300A642A3 /* HipToLip.png */,
				A0E21C051AD9ADEC00A642A3 /* ShoulderRotationDrill.mov */,
				A0E21C031AD6C10900A642A3 /* green.png */,
				A0E21C011AD622A600A642A3 /* green.svg */,
				A0E21B021AD3F38900A642A3 /* amber.png */,
				A0E21B051AD3F38900A642A3 /* back button.png */,
				A0E21B061AD3F38900A642A3 /* CarlGreenidge.jpg */,
				A0E21B071AD3F38900A642A3 /* circle.gif */,
				A0E21B081AD3F38900A642A3 /* circle.png */,
				A0E21B091AD3F38900A642A3 /* curvedline.png */,
				A0E21B0A1AD3F38900A642A3 /* D.png */,
				A0E21B0B1AD3F38900A642A3 /* download.png */,
				A0E21B0C1AD3F38900A642A3 /* eraser.png */,
				A0E21B0D1AD3F38900A642A3 /* EV1.png */,
				A0E21B0E1AD3F38900A642A3 /* EV2.png */,
				A0E21B0F1AD3F38900A642A3 /* facebook.png */,
				A0E21B101AD3F38900A642A3 /* FullRunUp.png */,
				A0E21B111AD3F38900A642A3 /* FullRunUpDrill.mov */,
				A0E21B121AD3F38900A642A3 /* HipToLipDrill.mov */,
				A0E21B131AD3F38900A642A3 /* KneeDriveDrill.MOV */,
				A0E21B141AD3F38900A642A3 /* line.png */,
				A0E21B151AD3F38900A642A3 /* linetool.png */,
				A0E21B161AD3F38900A642A3 /* MV.png */,
				A0E21B171AD3F38900A642A3 /* MYVIDEOS.png */,
				A0E21B181AD3F38900A642A3 /* PlayVideoProcessing.png */,
				A0E21B191AD3F38900A642A3 /* RB.png */,
				A0E21B1A1AD3F38900A642A3 /* red.png */,
				A0E21B1B1AD3F38900A642A3 /* Reset.png */,
				A0E21B1C1AD3F38900A642A3 /* resetbutton.png */,
				A0E21B1D1AD3F38900A642A3 /* Save.png */,
				A0E21B1E1AD3F38900A642A3 /* savebutton.png */,
				A0E21B1F1AD3F38900A642A3 /* savetool.png */,
				A0E21B201AD3F38900A642A3 /* screenshot.png */,
				A0E21B211AD3F38900A642A3 /* Selectadrill.png */,
				A0E21B221AD3F38900A642A3 /* ShoulderRotation.png */,
				A0E21B231AD3F38900A642A3 /* square.gif */,
				A0E21B241AD3F38900A642A3 /* straightline.png */,
				A0E21B251AD3F38900A642A3 /* Text For Drill 1.png */,
				A0E21B261AD3F38900A642A3 /* twitter.png */,
				A0E21B901AD3F38A00A642A3 /* videoprocessing.png */,
				A0E21B911AD3F38A00A642A3 /* VP1.png */,
				A0E21B921AD3F38A00A642A3 /* VP2.png */,
				A0E21B931AD3F38A00A642A3 /* VP3.png */,
				A0E21B941AD3F38A00A642A3 /* VP4.png */,
			);
			path = Resources;
			sourceTree = "<group>";
		};
		A0F59D5619FD17C7008B904A = {
			isa = PBXGroup;
			children = (
				A09E73D21A7D1552006778CB /* Social.framework */,
				A031F00C1A0796800081C6A9 /* MobileCoreServices.framework */,
				A031F00A1A07966D0081C6A9 /* MediaPlayer.framework */,
				A0F59D6119FD17C8008B904A /* CricketApp */,
				A0E21B011AD3F38900A642A3 /* Resources */,
				A0F59D7E19FD17C8008B904A /* CricketAppTests */,
				A0F59D6019FD17C8008B904A /* Products */,
			);
			sourceTree = "<group>";
		};
		A0F59D6019FD17C8008B904A /* Products */ = {
			isa = PBXGroup;
			children = (
				A0F59D5F19FD17C8008B904A /* CricketApp.app */,
				A0F59D7B19FD17C8008B904A /* CricketAppTests.xctest */,
			);
			name = Products;
			sourceTree = "<group>";
		};
		A0F59D6119FD17C8008B904A /* CricketApp */ = {
			isa = PBXGroup;
			children = (
				A0114A8C1AD1C0F800E0F959 /* CricketApp.entitlements */,
				A02C6F591A0D348C0007AE99 /* Model */,
				A02C6F581A0D34860007AE99 /* View */,
				A02C6F571A0D34830007AE99 /* Controller */,
				A0F59D6619FD17C8008B904A /* AppDelegate.h */,
				A0F59D6719FD17C8008B904A /* AppDelegate.m */,
				A0F59D6919FD17C8008B904A /* CricketApp.xcdatamodeld */,
				A0F59D7219FD17C8008B904A /* Images.xcassets */,
				A0F59D7419FD17C8008B904A /* LaunchScreen.xib */,
				A0F59D6F19FD17C8008B904A /* Main.storyboard */,
				A0F59D6219FD17C8008B904A /* Supporting Files */,
			);
			path = CricketApp;
			sourceTree = "<group>";
		};
		A0F59D6219FD17C8008B904A /* Supporting Files */ = {
			isa = PBXGroup;
			children = (
				A0F59D6319FD17C8008B904A /* Info.plist */,
				A0F59D6419FD17C8008B904A /* main.m */,
			);
			name = "Supporting Files";
			sourceTree = "<group>";
		};
		A0F59D7E19FD17C8008B904A /* CricketAppTests */ = {
			isa = PBXGroup;
			children = (
				A0F59D8119FD17C8008B904A /* CricketAppTests.m */,
				A0F59D7F19FD17C8008B904A /* Supporting Files */,
			);
			path = CricketAppTests;
			sourceTree = "<group>";
		};
		A0F59D7F19FD17C8008B904A /* Supporting Files */ = {
			isa = PBXGroup;
			children = (
				A0F59D8019FD17C8008B904A /* Info.plist */,
			);
			name = "Supporting Files";
			sourceTree = "<group>";
		};
/* End PBXGroup section */

/* Begin PBXNativeTarget section */
		A0F59D5E19FD17C8008B904A /* CricketApp */ = {
			isa = PBXNativeTarget;
			buildConfigurationList = A0F59D8519FD17C8008B904A /* Build configuration list for PBXNativeTarget "CricketApp" */;
			buildPhases = (
				A0F59D5B19FD17C8008B904A /* Sources */,
				A0F59D5C19FD17C8008B904A /* Frameworks */,
				A0F59D5D19FD17C8008B904A /* Resources */,
			);
			buildRules = (
			);
			dependencies = (
			);
			name = CricketApp;
			productName = CricketApp;
			productReference = A0F59D5F19FD17C8008B904A /* CricketApp.app */;
			productType = "com.apple.product-type.application";
		};
		A0F59D7A19FD17C8008B904A /* CricketAppTests */ = {
			isa = PBXNativeTarget;
			buildConfigurationList = A0F59D8819FD17C8008B904A /* Build configuration list for PBXNativeTarget "CricketAppTests" */;
			buildPhases = (
				A0F59D7719FD17C8008B904A /* Sources */,
				A0F59D7819FD17C8008B904A /* Frameworks */,
				A0F59D7919FD17C8008B904A /* Resources */,
			);
			buildRules = (
			);
			dependencies = (
				A0F59D7D19FD17C8008B904A /* PBXTargetDependency */,
			);
			name = CricketAppTests;
			productName = CricketAppTests;
			productReference = A0F59D7B19FD17C8008B904A /* CricketAppTests.xctest */;
			productType = "com.apple.product-type.bundle.unit-test";
		};
/* End PBXNativeTarget section */

/* Begin PBXProject section */
		A0F59D5719FD17C7008B904A /* Project object */ = {
			isa = PBXProject;
			attributes = {
				LastUpgradeCheck = 0600;
				ORGANIZATIONNAME = "Aqeel Rafiq";
				TargetAttributes = {
					A0F59D5E19FD17C8008B904A = {
						CreatedOnToolsVersion = 6.0.1;
						DevelopmentTeam = 867AYLEXKW;
						SystemCapabilities = {
							com.apple.iCloud = {
								enabled = 0;
							};
						};
					};
					A0F59D7A19FD17C8008B904A = {
						CreatedOnToolsVersion = 6.0.1;
						DevelopmentTeam = 867AYLEXKW;
						TestTargetID = A0F59D5E19FD17C8008B904A;
					};
				};
			};
			buildConfigurationList = A0F59D5A19FD17C7008B904A /* Build configuration list for PBXProject "CricketApp" */;
			compatibilityVersion = "Xcode 3.2";
			developmentRegion = English;
			hasScannedForEncodings = 0;
			knownRegions = (
				en,
				Base,
			);
			mainGroup = A0F59D5619FD17C7008B904A;
			productRefGroup = A0F59D6019FD17C8008B904A /* Products */;
			projectDirPath = "";
			projectRoot = "";
			targets = (
				A0F59D5E19FD17C8008B904A /* CricketApp */,
				A0F59D7A19FD17C8008B904A /* CricketAppTests */,
			);
		};
/* End PBXProject section */

/* Begin PBXResourcesBuildPhase section */
		A0F59D5D19FD17C8008B904A /* Resources */ = {
			isa = PBXResourcesBuildPhase;
			buildActionMask = 2147483647;
			files = (
				A0E21C971ADC8B4300A642A3 /* tutorial16.png in Resources */,
				A0E21C981ADC8B4300A642A3 /* tutorial14.png in Resources */,
				A0E21C991ADC8B4300A642A3 /* tutorial15.png in Resources */,
				A0E21C9A1ADC8B4300A642A3 /* tutorial13.png in Resources */,
				A0E21C9B1ADC8B4300A642A3 /* tutorial12.png in Resources */,
				A0E21C9C1ADC8B4300A642A3 /* tutorial11.png in Resources */,
				A0E21C9D1ADC8B4300A642A3 /* tutorial10.png in Resources */,
				A0E21C9E1ADC8B4300A642A3 /* tutorial9.png in Resources */,
				A0E21C9F1ADC8B4300A642A3 /* tutorial8.png in Resources */,
				A0E21CA01ADC8B4300A642A3 /* tutorial7.png in Resources */,
				A0E21CA11ADC8B4300A642A3 /* tutorial6.png in Resources */,
				A0E21CA21ADC8B4300A642A3 /* Tutorial5.png in Resources */,
				A0E21CA31ADC8B4300A642A3 /* Tutorial4.png in Resources */,
				A0E21CA41ADC8B4300A642A3 /* tutorial3.png in Resources */,
				A0E21CA51ADC8B4300A642A3 /* Tutorial2.png in Resources */,
				A0E21CA61ADC8B4300A642A3 /* Tutorial1.png in Resources */,
				A0E21CA71ADC8B4300A642A3 /* ET.png in Resources */,
				A0E21CA81ADC8B4300A642A3 /* next.png in Resources */,
				A0E21CA91ADC8B4300A642A3 /* Tutorial.png in Resources */,
				A0E21CAA1ADC8B4300A642A3 /* HipToLip.png in Resources */,
				A0E21BF41AD3F38A00A642A3 /* VP4.png in Resources */,
				A0E21BB01AD3F38A00A642A3 /* Save.png in Resources */,
				A0E21BB81AD3F38A00A642A3 /* Text For Drill 1.png in Resources */,
				A0E21B9E1AD3F38A00A642A3 /* download.png in Resources */,
				A0E21BA81AD3F38A00A642A3 /* linetool.png in Resources */,
				A0E21B9F1AD3F38A00A642A3 /* eraser.png in Resources */,
				A0E21BAE1AD3F38A00A642A3 /* Reset.png in Resources */,
				A0E21C041AD6C10900A642A3 /* green.png in Resources */,
				A0E21BB71AD3F38A00A642A3 /* straightline.png in Resources */,
				A0E21B9D1AD3F38A00A642A3 /* D.png in Resources */,
				A0E21BF21AD3F38A00A642A3 /* VP2.png in Resources */,
				A0E21BA91AD3F38A00A642A3 /* MV.png in Resources */,
				A0F59D7119FD17C8008B904A /* Main.storyboard in Resources */,
				A0E21B981AD3F38A00A642A3 /* back button.png in Resources */,
				A0E21BB51AD3F38A00A642A3 /* ShoulderRotation.png in Resources */,
				A0E21BF31AD3F38A00A642A3 /* VP3.png in Resources */,
				A0E21BB31AD3F38A00A642A3 /* screenshot.png in Resources */,
				A0E21BA21AD3F38A00A642A3 /* facebook.png in Resources */,
				A0E21BA41AD3F38A00A642A3 /* FullRunUpDrill.mov in Resources */,
				A0E21B9A1AD3F38A00A642A3 /* circle.gif in Resources */,
				A0E21BB11AD3F38A00A642A3 /* savebutton.png in Resources */,
				A0E21BB91AD3F38A00A642A3 /* twitter.png in Resources */,
				A0E21BF11AD3F38A00A642A3 /* VP1.png in Resources */,
				A0E21BAC1AD3F38A00A642A3 /* RB.png in Resources */,
				A0E21BA11AD3F38A00A642A3 /* EV2.png in Resources */,
				A0E21BF01AD3F38A00A642A3 /* videoprocessing.png in Resources */,
				A0E21BB21AD3F38A00A642A3 /* savetool.png in Resources */,
				A0E21B991AD3F38A00A642A3 /* CarlGreenidge.jpg in Resources */,
				A0E21BA61AD3F38A00A642A3 /* KneeDriveDrill.MOV in Resources */,
				A0E21BA01AD3F38A00A642A3 /* EV1.png in Resources */,
				A0F59D7619FD17C8008B904A /* LaunchScreen.xib in Resources */,
				A0E21C021AD622A600A642A3 /* green.svg in Resources */,
				A0E21B9B1AD3F38A00A642A3 /* circle.png in Resources */,
				A0E21B9C1AD3F38A00A642A3 /* curvedline.png in Resources */,
				A0E21BA71AD3F38A00A642A3 /* line.png in Resources */,
				A0E21BAB1AD3F38A00A642A3 /* PlayVideoProcessing.png in Resources */,
				A0E21BAF1AD3F38A00A642A3 /* resetbutton.png in Resources */,
				A0F59D7319FD17C8008B904A /* Images.xcassets in Resources */,
				A0E21BB61AD3F38A00A642A3 /* square.gif in Resources */,
				A0E21BA51AD3F38A00A642A3 /* HipToLipDrill.mov in Resources */,
				A0E21B951AD3F38A00A642A3 /* amber.png in Resources */,
				A0E21BAD1AD3F38A00A642A3 /* red.png in Resources */,
				A0E21C061AD9ADEC00A642A3 /* ShoulderRotationDrill.mov in Resources */,
				A0E21BB41AD3F38A00A642A3 /* Selectadrill.png in Resources */,
				A0E21BAA1AD3F38A00A642A3 /* MYVIDEOS.png in Resources */,
				A0E21BA31AD3F38A00A642A3 /* FullRunUp.png in Resources */,
			);
			runOnlyForDeploymentPostprocessing = 0;
		};
		A0F59D7919FD17C8008B904A /* Resources */ = {
			isa = PBXResourcesBuildPhase;
			buildActionMask = 2147483647;
			files = (
			);
			runOnlyForDeploymentPostprocessing = 0;
		};
/* End PBXResourcesBuildPhase section */

/* Begin PBXSourcesBuildPhase section */
		A0F59D5B19FD17C8008B904A /* Sources */ = {
			isa = PBXSourcesBuildPhase;
			buildActionMask = 2147483647;
			files = (
				A09E73911A7003D8006778CB /* InternetController.m in Sources */,
				A0E21AFE1AD2FDC100A642A3 /* AutoVideoEditing.m in Sources */,
				A0F59D6819FD17C8008B904A /* AppDelegate.m in Sources */,
				A09E73B71A725890006778CB /* PalletVideoController.m in Sources */,
				A0E21AF11AD2DBB500A642A3 /* AutomaticVideoProcessing2.m in Sources */,
				A0F59D6B19FD17C8008B904A /* CricketApp.xcdatamodeld in Sources */,
				A0B885B91A8C1F05008C7058 /* AutomaticVideoProcessing.m in Sources */,
				A0E21AF81AD2E5AA00A642A3 /* AutomaticVideoProcessing3.m in Sources */,
				A031F0071A0791B20081C6A9 /* MyVideosViewController.m in Sources */,
				A0F59D6E19FD17C8008B904A /* ViewController.m in Sources */,
				A0504AD11A1531BF00B31FB7 /* Model.m in Sources */,
				A09E73BD1A726863006778CB /* LineShape.m in Sources */,
				A09E73BA1A726853006778CB /* Shape.m in Sources */,
				A0E21C0B1ADB25DC00A642A3 /* TutorialofApp.m in Sources */,
				A04798831A07B3B0003C29EA /* DrillsViewController.m in Sources */,
				A0E21AFB1AD2EF0200A642A3 /* AutomaticVideoProcessing4.m in Sources */,
				A0F59D6519FD17C8008B904A /* main.m in Sources */,
			);
			runOnlyForDeploymentPostprocessing = 0;
		};
		A0F59D7719FD17C8008B904A /* Sources */ = {
			isa = PBXSourcesBuildPhase;
			buildActionMask = 2147483647;
			files = (
				A0F59D8219FD17C8008B904A /* CricketAppTests.m in Sources */,
			);
			runOnlyForDeploymentPostprocessing = 0;
		};
/* End PBXSourcesBuildPhase section */

/* Begin PBXTargetDependency section */
		A0F59D7D19FD17C8008B904A /* PBXTargetDependency */ = {
			isa = PBXTargetDependency;
			target = A0F59D5E19FD17C8008B904A /* CricketApp */;
			targetProxy = A0F59D7C19FD17C8008B904A /* PBXContainerItemProxy */;
		};
/* End PBXTargetDependency section */

/* Begin PBXVariantGroup section */
		A0F59D6F19FD17C8008B904A /* Main.storyboard */ = {
			isa = PBXVariantGroup;
			children = (
				A0F59D7019FD17C8008B904A /* Base */,
			);
			name = Main.storyboard;
			sourceTree = "<group>";
		};
		A0F59D7419FD17C8008B904A /* LaunchScreen.xib */ = {
			isa = PBXVariantGroup;
			children = (
				A0F59D7519FD17C8008B904A /* Base */,
			);
			name = LaunchScreen.xib;
			sourceTree = "<group>";
		};
/* End PBXVariantGroup section */

/* Begin XCBuildConfiguration section */
		A0F59D8319FD17C8008B904A /* Debug */ = {
			isa = XCBuildConfiguration;
			buildSettings = {
				ALWAYS_SEARCH_USER_PATHS = NO;
				CLANG_CXX_LANGUAGE_STANDARD = "gnu++0x";
				CLANG_CXX_LIBRARY = "libc++";
				CLANG_ENABLE_MODULES = YES;
				CLANG_ENABLE_OBJC_ARC = YES;
				CLANG_WARN_BOOL_CONVERSION = YES;
				CLANG_WARN_CONSTANT_CONVERSION = YES;
				CLANG_WARN_DIRECT_OBJC_ISA_USAGE = YES_ERROR;
				CLANG_WARN_EMPTY_BODY = YES;
				CLANG_WARN_ENUM_CONVERSION = YES;
				CLANG_WARN_INT_CONVERSION = YES;
				CLANG_WARN_OBJC_ROOT_CLASS = YES_ERROR;
				CLANG_WARN_UNREACHABLE_CODE = YES;
				CLANG_WARN__DUPLICATE_METHOD_MATCH = YES;
				"CODE_SIGN_IDENTITY[sdk=iphoneos*]" = "iPhone Developer";
				COPY_PHASE_STRIP = NO;
				ENABLE_STRICT_OBJC_MSGSEND = YES;
				GCC_C_LANGUAGE_STANDARD = gnu99;
				GCC_DYNAMIC_NO_PIC = NO;
				GCC_OPTIMIZATION_LEVEL = 0;
				GCC_PREPROCESSOR_DEFINITIONS = (
					"DEBUG=1",
					"$(inherited)",
				);
				GCC_SYMBOLS_PRIVATE_EXTERN = NO;
				GCC_WARN_64_TO_32_BIT_CONVERSION = YES;
				GCC_WARN_ABOUT_RETURN_TYPE = YES_ERROR;
				GCC_WARN_UNDECLARED_SELECTOR = YES;
				GCC_WARN_UNINITIALIZED_AUTOS = YES_AGGRESSIVE;
				GCC_WARN_UNUSED_FUNCTION = YES;
				GCC_WARN_UNUSED_VARIABLE = YES;
				IPHONEOS_DEPLOYMENT_TARGET = 8.0;
				MTL_ENABLE_DEBUG_INFO = YES;
				ONLY_ACTIVE_ARCH = YES;
				SDKROOT = iphoneos;
			};
			name = Debug;
		};
		A0F59D8419FD17C8008B904A /* Release */ = {
			isa = XCBuildConfiguration;
			buildSettings = {
				ALWAYS_SEARCH_USER_PATHS = NO;
				CLANG_CXX_LANGUAGE_STANDARD = "gnu++0x";
				CLANG_CXX_LIBRARY = "libc++";
				CLANG_ENABLE_MODULES = YES;
				CLANG_ENABLE_OBJC_ARC = YES;
				CLANG_WARN_BOOL_CONVERSION = YES;
				CLANG_WARN_CONSTANT_CONVERSION = YES;
				CLANG_WARN_DIRECT_OBJC_ISA_USAGE = YES_ERROR;
				CLANG_WARN_EMPTY_BODY = YES;
				CLANG_WARN_ENUM_CONVERSION = YES;
				CLANG_WARN_INT_CONVERSION = YES;
				CLANG_WARN_OBJC_ROOT_CLASS = YES_ERROR;
				CLANG_WARN_UNREACHABLE_CODE = YES;
				CLANG_WARN__DUPLICATE_METHOD_MATCH = YES;
				"CODE_SIGN_IDENTITY[sdk=iphoneos*]" = "iPhone Developer";
				COPY_PHASE_STRIP = YES;
				ENABLE_NS_ASSERTIONS = NO;
				ENABLE_STRICT_OBJC_MSGSEND = YES;
				GCC_C_LANGUAGE_STANDARD = gnu99;
				GCC_WARN_64_TO_32_BIT_CONVERSION = YES;
				GCC_WARN_ABOUT_RETURN_TYPE = YES_ERROR;
				GCC_WARN_UNDECLARED_SELECTOR = YES;
				GCC_WARN_UNINITIALIZED_AUTOS = YES_AGGRESSIVE;
				GCC_WARN_UNUSED_FUNCTION = YES;
				GCC_WARN_UNUSED_VARIABLE = YES;
				IPHONEOS_DEPLOYMENT_TARGET = 8.0;
				MTL_ENABLE_DEBUG_INFO = NO;
				SDKROOT = iphoneos;
				VALIDATE_PRODUCT = YES;
			};
			name = Release;
		};
		A0F59D8619FD17C8008B904A /* Debug */ = {
			isa = XCBuildConfiguration;
			buildSettings = {
				ASSETCATALOG_COMPILER_APPICON_NAME = AppIcon;
				ASSETCATALOG_COMPILER_LAUNCHIMAGE_NAME = LaunchImage;
				CODE_SIGN_IDENTITY = "iPhone Developer";
				"CODE_SIGN_IDENTITY[sdk=iphoneos*]" = "iPhone Developer";
				INFOPLIST_FILE = CricketApp/Info.plist;
				LD_RUNPATH_SEARCH_PATHS = "$(inherited) @executable_path/Frameworks";
				PRODUCT_NAME = "$(TARGET_NAME)";
				PROVISIONING_PROFILE = "";
			};
			name = Debug;
		};
		A0F59D8719FD17C8008B904A /* Release */ = {
			isa = XCBuildConfiguration;
			buildSettings = {
				ASSETCATALOG_COMPILER_APPICON_NAME = AppIcon;
				ASSETCATALOG_COMPILER_LAUNCHIMAGE_NAME = LaunchImage;
				CODE_SIGN_IDENTITY = "iPhone Developer";
				"CODE_SIGN_IDENTITY[sdk=iphoneos*]" = "iPhone Developer";
				INFOPLIST_FILE = CricketApp/Info.plist;
				LD_RUNPATH_SEARCH_PATHS = "$(inherited) @executable_path/Frameworks";
				PRODUCT_NAME = "$(TARGET_NAME)";
				PROVISIONING_PROFILE = "";
			};
			name = Release;
		};
		A0F59D8919FD17C8008B904A /* Debug */ = {
			isa = XCBuildConfiguration;
			buildSettings = {
				BUNDLE_LOADER = "$(TEST_HOST)";
				CODE_SIGN_IDENTITY = "iPhone Developer";
				"CODE_SIGN_IDENTITY[sdk=iphoneos*]" = "iPhone Developer";
				FRAMEWORK_SEARCH_PATHS = (
					"$(SDKROOT)/Developer/Library/Frameworks",
					"$(inherited)",
				);
				GCC_PREPROCESSOR_DEFINITIONS = (
					"DEBUG=1",
					"$(inherited)",
				);
				INFOPLIST_FILE = CricketAppTests/Info.plist;
				LD_RUNPATH_SEARCH_PATHS = "$(inherited) @executable_path/Frameworks @loader_path/Frameworks";
				PRODUCT_NAME = "$(TARGET_NAME)";
				PROVISIONING_PROFILE = "";
				TEST_HOST = "$(BUILT_PRODUCTS_DIR)/CricketApp.app/CricketApp";
			};
			name = Debug;
		};
		A0F59D8A19FD17C8008B904A /* Release */ = {
			isa = XCBuildConfiguration;
			buildSettings = {
				BUNDLE_LOADER = "$(TEST_HOST)";
				CODE_SIGN_IDENTITY = "iPhone Developer";
				"CODE_SIGN_IDENTITY[sdk=iphoneos*]" = "iPhone Developer";
				FRAMEWORK_SEARCH_PATHS = (
					"$(SDKROOT)/Developer/Library/Frameworks",
					"$(inherited)",
				);
				INFOPLIST_FILE = CricketAppTests/Info.plist;
				LD_RUNPATH_SEARCH_PATHS = "$(inherited) @executable_path/Frameworks @loader_path/Frameworks";
				PRODUCT_NAME = "$(TARGET_NAME)";
				PROVISIONING_PROFILE = "";
				TEST_HOST = "$(BUILT_PRODUCTS_DIR)/CricketApp.app/CricketApp";
			};
			name = Release;
		};
/* End XCBuildConfiguration section */

/* Begin XCConfigurationList section */
		A0F59D5A19FD17C7008B904A /* Build configuration list for PBXProject "CricketApp" */ = {
			isa = XCConfigurationList;
			buildConfigurations = (
				A0F59D8319FD17C8008B904A /* Debug */,
				A0F59D8419FD17C8008B904A /* Release */,
			);
			defaultConfigurationIsVisible = 0;
			defaultConfigurationName = Release;
		};
		A0F59D8519FD17C8008B904A /* Build configuration list for PBXNativeTarget "CricketApp" */ = {
			isa = XCConfigurationList;
			buildConfigurations = (
				A0F59D8619FD17C8008B904A /* Debug */,
				A0F59D8719FD17C8008B904A /* Release */,
			);
			defaultConfigurationIsVisible = 0;
			defaultConfigurationName = Release;
		};
		A0F59D8819FD17C8008B904A /* Build configuration list for PBXNativeTarget "CricketAppTests" */ = {
			isa = XCConfigurationList;
			buildConfigurations = (
				A0F59D8919FD17C8008B904A /* Debug */,
				A0F59D8A19FD17C8008B904A /* Release */,
			);
			defaultConfigurationIsVisible = 0;
			defaultConfigurationName = Release;
		};
/* End XCConfigurationList section */

/* Begin XCVersionGroup section */
		A0F59D6919FD17C8008B904A /* CricketApp.xcdatamodeld */ = {
			isa = XCVersionGroup;
			children = (
				A0F59D6A19FD17C8008B904A /* CricketApp.xcdatamodel */,
			);
			currentVersion = A0F59D6A19FD17C8008B904A /* CricketApp.xcdatamodel */;
			path = CricketApp.xcdatamodeld;
			sourceTree = "<group>";
			versionGroupType = wrapper.xcdatamodel;
		};
/* End XCVersionGroup section */
	};
	rootObject = A0F59D5719FD17C7008B904A /* Project object */;
}
